
Microsoft Visual Studio Solution File, Format Version 12.00
# Visual Studio 15
VisualStudioVersion = 15.0.28010.2048
MinimumVisualStudioVersion = 10.0.40219.1
Project("{9A19103F-16F7-4668-BE54-9A1E7A4F7556}") = "01Phonebook", "01Phonebook\01Phonebook.csproj", "{3988570C-F08B-461A-90BE-748092B79DDF}"
EndProject
Project("{9A19103F-16F7-4668-BE54-9A1E7A4F7556}") = "05HandsOfCards", "05HandsOfCards\05HandsOfCards.csproj", "{6E48515F-9911-410A-84BD-9E99ED9CDB94}"
EndProject
Project("{FAE04EC0-301F-11D3-BF4B-00C04F79EFBC}") = "07PopulationCounter", "07PopulationCounter\07PopulationCounter.csproj", "{EF12CC1A-EFCD-4CEA-ACCA-BE95CA46C35C}"
EndProject
Global
	GlobalSection(SolutionConfigurationPlatforms) = preSolution
		Debug|Any CPU = Debug|Any CPU
		Release|Any CPU = Release|Any CPU
	EndGlobalSection
	GlobalSection(ProjectConfigurationPlatforms) = postSolution
		{3988570C-F08B-461A-90BE-748092B79DDF}.Debug|Any CPU.ActiveCfg = Debug|Any CPU
		{3988570C-F08B-461A-90BE-748092B79DDF}.Debug|Any CPU.Build.0 = Debug|Any CPU
		{3988570C-F08B-461A-90BE-748092B79DDF}.Release|Any CPU.ActiveCfg = Release|Any CPU
		{3988570C-F08B-461A-90BE-748092B79DDF}.Release|Any CPU.Build.0 = Release|Any CPU
		{6E48515F-9911-410A-84BD-9E99ED9CDB94}.Debug|Any CPU.ActiveCfg = Debug|Any CPU
		{6E48515F-9911-410A-84BD-9E99ED9CDB94}.Debug|Any CPU.Build.0 = Debug|Any CPU
		{6E48515F-9911-410A-84BD-9E99ED9CDB94}.Release|Any CPU.ActiveCfg = Release|Any CPU
		{6E48515F-9911-410A-84BD-9E99ED9CDB94}.Release|Any CPU.Build.0 = Release|Any CPU
		{EF12CC1A-EFCD-4CEA-ACCA-BE95CA46C35C}.Debug|Any CPU.ActiveCfg = Debug|Any CPU
		{EF12CC1A-EFCD-4CEA-ACCA-BE95CA46C35C}.Debug|Any CPU.Build.0 = Debug|Any CPU
		{EF12CC1A-EFCD-4CEA-ACCA-BE95CA46C35C}.Release|Any CPU.ActiveCfg = Release|Any CPU
		{EF12CC1A-EFCD-4CEA-ACCA-BE95CA46C35C}.Release|Any CPU.Build.0 = Release|Any CPU
	EndGlobalSection
	GlobalSection(SolutionProperties) = preSolution
		HideSolutionNode = FALSE
	EndGlobalSection
	GlobalSection(ExtensibilityGlobals) = postSolution
		SolutionGuid = {87599786-618B-4EB3-959E-C27C3EB09F92}
	EndGlobalSection
EndGlobal
