
Microsoft Visual Studio Solution File, Format Version 12.00
# Visual Studio 15
VisualStudioVersion = 15.0.27130.2003
MinimumVisualStudioVersion = 10.0.40219.1
Project("{9A19103F-16F7-4668-BE54-9A1E7A4F7556}") = "01HelloName", "01HelloName\01HelloName.csproj", "{84B90DC1-0646-45BA-B2E6-684BE07371B0}"
EndProject
Project("{9A19103F-16F7-4668-BE54-9A1E7A4F7556}") = "02MaxMethod", "02MaxMethod\02MaxMethod.csproj", "{B8684D74-38E9-4332-9E2A-4FF9922D92C0}"
EndProject
Project("{9A19103F-16F7-4668-BE54-9A1E7A4F7556}") = "03EngNameOfLastDigit", "03EngNameOfLastDigit\03EngNameOfLastDigit.csproj", "{DB2016CB-BF12-4296-9AD4-6FA1B42740A1}"
EndProject
Project("{FAE04EC0-301F-11D3-BF4B-00C04F79EFBC}") = "04NumReverseOrder", "04NumReverseOrder\04NumReverseOrder.csproj", "{3DAD2954-8E4C-433A-AA61-85725EB8E091}"
EndProject
Project("{FAE04EC0-301F-11D3-BF4B-00C04F79EFBC}") = "06PrimeChecker", "06PrimeChecker\06PrimeChecker.csproj", "{F159C17E-C643-4376-89FF-6DCE03945213}"
EndProject
Global
	GlobalSection(SolutionConfigurationPlatforms) = preSolution
		Debug|Any CPU = Debug|Any CPU
		Release|Any CPU = Release|Any CPU
	EndGlobalSection
	GlobalSection(ProjectConfigurationPlatforms) = postSolution
		{84B90DC1-0646-45BA-B2E6-684BE07371B0}.Debug|Any CPU.ActiveCfg = Debug|Any CPU
		{84B90DC1-0646-45BA-B2E6-684BE07371B0}.Debug|Any CPU.Build.0 = Debug|Any CPU
		{84B90DC1-0646-45BA-B2E6-684BE07371B0}.Release|Any CPU.ActiveCfg = Release|Any CPU
		{84B90DC1-0646-45BA-B2E6-684BE07371B0}.Release|Any CPU.Build.0 = Release|Any CPU
		{B8684D74-38E9-4332-9E2A-4FF9922D92C0}.Debug|Any CPU.ActiveCfg = Debug|Any CPU
		{B8684D74-38E9-4332-9E2A-4FF9922D92C0}.Debug|Any CPU.Build.0 = Debug|Any CPU
		{B8684D74-38E9-4332-9E2A-4FF9922D92C0}.Release|Any CPU.ActiveCfg = Release|Any CPU
		{B8684D74-38E9-4332-9E2A-4FF9922D92C0}.Release|Any CPU.Build.0 = Release|Any CPU
		{DB2016CB-BF12-4296-9AD4-6FA1B42740A1}.Debug|Any CPU.ActiveCfg = Debug|Any CPU
		{DB2016CB-BF12-4296-9AD4-6FA1B42740A1}.Debug|Any CPU.Build.0 = Debug|Any CPU
		{DB2016CB-BF12-4296-9AD4-6FA1B42740A1}.Release|Any CPU.ActiveCfg = Release|Any CPU
		{DB2016CB-BF12-4296-9AD4-6FA1B42740A1}.Release|Any CPU.Build.0 = Release|Any CPU
		{3DAD2954-8E4C-433A-AA61-85725EB8E091}.Debug|Any CPU.ActiveCfg = Debug|Any CPU
		{3DAD2954-8E4C-433A-AA61-85725EB8E091}.Debug|Any CPU.Build.0 = Debug|Any CPU
		{3DAD2954-8E4C-433A-AA61-85725EB8E091}.Release|Any CPU.ActiveCfg = Release|Any CPU
		{3DAD2954-8E4C-433A-AA61-85725EB8E091}.Release|Any CPU.Build.0 = Release|Any CPU
		{F159C17E-C643-4376-89FF-6DCE03945213}.Debug|Any CPU.ActiveCfg = Debug|Any CPU
		{F159C17E-C643-4376-89FF-6DCE03945213}.Debug|Any CPU.Build.0 = Debug|Any CPU
		{F159C17E-C643-4376-89FF-6DCE03945213}.Release|Any CPU.ActiveCfg = Release|Any CPU
		{F159C17E-C643-4376-89FF-6DCE03945213}.Release|Any CPU.Build.0 = Release|Any CPU
	EndGlobalSection
	GlobalSection(SolutionProperties) = preSolution
		HideSolutionNode = FALSE
	EndGlobalSection
	GlobalSection(ExtensibilityGlobals) = postSolution
		SolutionGuid = {7B80C1F5-06AB-4DFC-AF68-D4FC55C4CA2D}
	EndGlobalSection
EndGlobal
